// !$*UTF8*$!
{
	archiveVersion = 1;
	classes = {
	};
	objectVersion = 50;
	objects = {

/* Begin PBXBuildFile section */
		17907CD632CC57CDC05BDDCBED084A60 /* VM.swift in Sources */ = {isa = PBXBuildFile; fileRef = FAFA951D4F6EED94E9B89FE767BFF5FD /* VM.swift */; };
		2C2DC4485A6A411A52FBCC347133D4D2 /* libPods-NewEducation.a in Frameworks */ = {isa = PBXBuildFile; fileRef = 73F56860DEF3A10714DDF2ED0D1C692E /* libPods-NewEducation.a */; };
		5B9C3DC1C9826C17E5F80AC8AB6C4B35 /* NewEducationTests.swift in Sources */ = {isa = PBXBuildFile; fileRef = DE5D5C9462B70CD0699A3F0DD3BFB35B /* NewEducationTests.swift */; };
		621A6FC6611EC73B563A8A5531B40FC3 /* Macros.swift in Sources */ = {isa = PBXBuildFile; fileRef = 8A9731E5A29C1F3EE2947B43D10B8740 /* Macros.swift */; };
		866B96E6A930D36CF991402F6C20E38D /* NewEducationUITests.swift in Sources */ = {isa = PBXBuildFile; fileRef = 876B0D6DF9A1AE262D8DFFF00587A21A /* NewEducationUITests.swift */; };
		92DB24B3D32F8CC36B1AF399C9F3E98D /* AppDelegate.swift in Sources */ = {isa = PBXBuildFile; fileRef = AC7FF0693D27C27CA30929CE192BE486 /* AppDelegate.swift */; };
		9519873E3440A6EE05EB4F6E2A578406 /* ViewController.swift in Sources */ = {isa = PBXBuildFile; fileRef = 495DA220DA8D75CC6D7FBF07A0E9E1D2 /* ViewController.swift */; };
		B8DC380CDAB3ECD53A5CB1C2F6B8DF75 /* Assets.xcassets in Resources */ = {isa = PBXBuildFile; fileRef = DA7D5782021C75E792BD54F554623511 /* Assets.xcassets */; };
		D1027ECA6E6350730C47B6F8BC866269 /* SBHTTPService.swift in Sources */ = {isa = PBXBuildFile; fileRef = 6EFDC8970E85F433EEE046A802A95BB3 /* SBHTTPService.swift */; };
/* End PBXBuildFile section */

/* Begin PBXContainerItemProxy section */
		2DC6F1333DCC2D138101C3457C06B6B4 /* PBXContainerItemProxy */ = {
			isa = PBXContainerItemProxy;
			containerPortal = 3F55BAB7E1DCC2CF0AB09C2FAA007662 /* Project object */;
			proxyType = 1;
			remoteGlobalIDString = F02A53C62910BF46B96D6BB67966A834;
			remoteInfo = NewEducation;
		};
		B6862EF2D48833A88FFE3A8190FC4C73 /* PBXContainerItemProxy */ = {
			isa = PBXContainerItemProxy;
			containerPortal = 3F55BAB7E1DCC2CF0AB09C2FAA007662 /* Project object */;
			proxyType = 1;
			remoteGlobalIDString = F02A53C62910BF46B96D6BB67966A834;
			remoteInfo = NewEducation;
		};
/* End PBXContainerItemProxy section */

/* Begin PBXFileReference section */
		032D4E8C911E62E0440473C190FF2887 /* NewEducationUITests.xctest */ = {isa = PBXFileReference; explicitFileType = wrapper.cfbundle; includeInIndex = 0; path = NewEducationUITests.xctest; sourceTree = BUILT_PRODUCTS_DIR; };
		0EA85DCA2F97CEAE3326BDD30A51E07E /* NewEducationTests.xctest */ = {isa = PBXFileReference; explicitFileType = wrapper.cfbundle; includeInIndex = 0; path = NewEducationTests.xctest; sourceTree = BUILT_PRODUCTS_DIR; };
		32470FA87579ACC5B2E882BB84DAFC19 /* Pods-NewEducation.debug.xcconfig */ = {isa = PBXFileReference; includeInIndex = 1; lastKnownFileType = text.xcconfig; name = "Pods-NewEducation.debug.xcconfig"; path = "Pods/Target Support Files/Pods-NewEducation/Pods-NewEducation.debug.xcconfig"; sourceTree = "<group>"; };
		495DA220DA8D75CC6D7FBF07A0E9E1D2 /* ViewController.swift */ = {isa = PBXFileReference; lastKnownFileType = sourcecode.swift; path = ViewController.swift; sourceTree = "<group>"; };
		4BD98E662B11566C4D8387FDC3735F74 /* NewEducation.app */ = {isa = PBXFileReference; explicitFileType = wrapper.application; includeInIndex = 0; path = NewEducation.app; sourceTree = BUILT_PRODUCTS_DIR; };
		4E4F7F8B5AEB24208EF484597618E2D1 /* Pods-NewEducation.release.xcconfig */ = {isa = PBXFileReference; includeInIndex = 1; lastKnownFileType = text.xcconfig; name = "Pods-NewEducation.release.xcconfig"; path = "Pods/Target Support Files/Pods-NewEducation/Pods-NewEducation.release.xcconfig"; sourceTree = "<group>"; };
		5079D0653061A7626078C2CC1C40B92D /* Info.plist */ = {isa = PBXFileReference; lastKnownFileType = text.plist.xml; path = Info.plist; sourceTree = "<group>"; };
		6EFDC8970E85F433EEE046A802A95BB3 /* SBHTTPService.swift */ = {isa = PBXFileReference; lastKnownFileType = sourcecode.swift; path = SBHTTPService.swift; sourceTree = "<group>"; };
		73F56860DEF3A10714DDF2ED0D1C692E /* libPods-NewEducation.a */ = {isa = PBXFileReference; explicitFileType = archive.ar; includeInIndex = 0; path = "libPods-NewEducation.a"; sourceTree = BUILT_PRODUCTS_DIR; };
		83FAA9B13FDE2F7E072F2DE791A11516 /* Info.plist */ = {isa = PBXFileReference; lastKnownFileType = text.plist.xml; path = Info.plist; sourceTree = "<group>"; };
		876B0D6DF9A1AE262D8DFFF00587A21A /* NewEducationUITests.swift */ = {isa = PBXFileReference; lastKnownFileType = sourcecode.swift; path = NewEducationUITests.swift; sourceTree = "<group>"; };
		8A9731E5A29C1F3EE2947B43D10B8740 /* Macros.swift */ = {isa = PBXFileReference; fileEncoding = 4; lastKnownFileType = sourcecode.swift; path = Macros.swift; sourceTree = "<group>"; };
		AC7FF0693D27C27CA30929CE192BE486 /* AppDelegate.swift */ = {isa = PBXFileReference; lastKnownFileType = sourcecode.swift; path = AppDelegate.swift; sourceTree = "<group>"; };
		B9B2B862AFC2AE4B8E1DB359B33B8490 /* Info.plist */ = {isa = PBXFileReference; lastKnownFileType = text.plist.xml; path = Info.plist; sourceTree = "<group>"; };
		DA7D5782021C75E792BD54F554623511 /* Assets.xcassets */ = {isa = PBXFileReference; lastKnownFileType = folder.assetcatalog; path = Assets.xcassets; sourceTree = "<group>"; };
		DB97AD0AA1121C1A9AABCC316ACBC77E /* Prefix.h */ = {isa = PBXFileReference; lastKnownFileType = sourcecode.c.h; path = Prefix.h; sourceTree = "<group>"; };
		DE5D5C9462B70CD0699A3F0DD3BFB35B /* NewEducationTests.swift */ = {isa = PBXFileReference; lastKnownFileType = sourcecode.swift; path = NewEducationTests.swift; sourceTree = "<group>"; };
		FAFA951D4F6EED94E9B89FE767BFF5FD /* VM.swift */ = {isa = PBXFileReference; fileEncoding = 4; lastKnownFileType = sourcecode.swift; path = VM.swift; sourceTree = "<group>"; };
/* End PBXFileReference section */

/* Begin PBXFrameworksBuildPhase section */
		4C894505C2032FB14B040C79146542A6 /* Frameworks */ = {
			isa = PBXFrameworksBuildPhase;
			buildActionMask = 2147483647;
			files = (
			);
			runOnlyForDeploymentPostprocessing = 0;
		};
		7C3EED15D2BF7B175BABCAB547459ACE /* Frameworks */ = {
			isa = PBXFrameworksBuildPhase;
			buildActionMask = 2147483647;
			files = (
			);
			runOnlyForDeploymentPostprocessing = 0;
		};
		A6941D4757C390429DA032A90ED82EA8 /* Frameworks */ = {
			isa = PBXFrameworksBuildPhase;
			buildActionMask = 2147483647;
			files = (
				2C2DC4485A6A411A52FBCC347133D4D2 /* libPods-NewEducation.a in Frameworks */,
			);
			runOnlyForDeploymentPostprocessing = 0;
		};
/* End PBXFrameworksBuildPhase section */

/* Begin PBXGroup section */
		08CB8C4103B52CFDFE87D4F62A35A5F4 /* NewEducationUITests */ = {
			isa = PBXGroup;
			children = (
				5079D0653061A7626078C2CC1C40B92D /* Info.plist */,
				876B0D6DF9A1AE262D8DFFF00587A21A /* NewEducationUITests.swift */,
			);
			path = NewEducationUITests;
			sourceTree = "<group>";
		};
		EE914BA7FC7DB707963831CF2924AD75 /* ViewModels */ = {
			isa = PBXGroup;
			children = (
				FAFA951D4F6EED94E9B89FE767BFF5FD /* VM.swift */,
			);
			path = ViewModels;
			sourceTree = "<group>";
		};
		090601D366FE61862220ACAEC298EE3C /* Macros */ = {
			isa = PBXGroup;
			children = (
				8A9731E5A29C1F3EE2947B43D10B8740 /* Macros.swift */,
			);
			path = Macros;
			sourceTree = "<group>";
		};
		8D831D5315993061C05225FF0932211B /* Profiles */ = {
			isa = PBXGroup;
			children = (
			);
			path = Profiles;
			sourceTree = "<group>";
		};
		29809F77B02C54F131DAF991A0F66E8F /* Frameworks */ = {
			isa = PBXGroup;
			children = (
				73F56860DEF3A10714DDF2ED0D1C692E /* libPods-NewEducation.a */,
			);
			name = Frameworks;
			sourceTree = "<group>";
		};
		5340803BDA9F2EA05981106BA7CFF023 /* Pods */ = {
			isa = PBXGroup;
			children = (
				32470FA87579ACC5B2E882BB84DAFC19 /* Pods-NewEducation.debug.xcconfig */,
				4E4F7F8B5AEB24208EF484597618E2D1 /* Pods-NewEducation.release.xcconfig */,
			);
			name = Pods;
			sourceTree = "<group>";
		};
		5E4A23EDF9B6F7304197BF41CD135D92 = {
			isa = PBXGroup;
			children = (
				29809F77B02C54F131DAF991A0F66E8F /* Frameworks */,
				D1EDCC25494A8E374FB0890393D69DFF /* NewEducation */,
				F90FA85270965286509DAA2FF8C4C39C /* NewEducationTests */,
				08CB8C4103B52CFDFE87D4F62A35A5F4 /* NewEducationUITests */,
				5340803BDA9F2EA05981106BA7CFF023 /* Pods */,
				72A9F94145B54E800A8DE12CF448461E /* Products */,
			);
			sourceTree = "<group>";
		};
		72A9F94145B54E800A8DE12CF448461E /* Products */ = {
			isa = PBXGroup;
			children = (
				4BD98E662B11566C4D8387FDC3735F74 /* NewEducation.app */,
				0EA85DCA2F97CEAE3326BDD30A51E07E /* NewEducationTests.xctest */,
				032D4E8C911E62E0440473C190FF2887 /* NewEducationUITests.xctest */,
			);
			name = Products;
			sourceTree = "<group>";
		};
		C879E273D9684A231E5AF94C5F2D9612 /* SBHTTPService */ = {
			isa = PBXGroup;
			children = (
				6EFDC8970E85F433EEE046A802A95BB3 /* SBHTTPService.swift */,
			);
			path = SBHTTPService;
			sourceTree = "<group>";
		};
		D1EDCC25494A8E374FB0890393D69DFF /* NewEducation */ = {
			isa = PBXGroup;
			children = (
				090601D366FE61862220ACAEC298EE3C /* Macros */,
				D36621269C6B6DC74CF6C9A7A8006D57 /* Pods */,
				8D831D5315993061C05225FF0932211B /* Profiles */,
				EE914BA7FC7DB707963831CF2924AD75 /* ViewModels */,
				AC7FF0693D27C27CA30929CE192BE486 /* AppDelegate.swift */,
				DA7D5782021C75E792BD54F554623511 /* Assets.xcassets */,
				B9B2B862AFC2AE4B8E1DB359B33B8490 /* Info.plist */,
				DB97AD0AA1121C1A9AABCC316ACBC77E /* Prefix.h */,
				495DA220DA8D75CC6D7FBF07A0E9E1D2 /* ViewController.swift */,
			);
			path = NewEducation;
			sourceTree = "<group>";
		};
		D36621269C6B6DC74CF6C9A7A8006D57 /* Pods */ = {
			isa = PBXGroup;
			children = (
				C879E273D9684A231E5AF94C5F2D9612 /* SBHTTPService */,
			);
			path = Pods;
			sourceTree = "<group>";
		};
		F90FA85270965286509DAA2FF8C4C39C /* NewEducationTests */ = {
			isa = PBXGroup;
			children = (
				83FAA9B13FDE2F7E072F2DE791A11516 /* Info.plist */,
				DE5D5C9462B70CD0699A3F0DD3BFB35B /* NewEducationTests.swift */,
			);
			path = NewEducationTests;
			sourceTree = "<group>";
		};
/* End PBXGroup section */

/* Begin PBXNativeTarget section */
		CD1873ACA825FCE2820CA1BDDE14CFFD /* NewEducationTests */ = {
			isa = PBXNativeTarget;
			buildConfigurationList = 3C3E7C3783F777BC5F4796C3EBB9F107 /* Build configuration list for PBXNativeTarget "NewEducationTests" */;
			buildPhases = (
				CE75B394EED5CC94199F0DDE2C63173F /* Sources */,
				7C3EED15D2BF7B175BABCAB547459ACE /* Frameworks */,
				3230F77FE05417AF98D4E59D3633A89A /* Resources */,
			);
			buildRules = (
			);
			dependencies = (
				5CD8427EB611072144A2036E3398642D /* PBXTargetDependency */,
			);
			name = NewEducationTests;
			productName = NewEducationTests;
			productReference = 0EA85DCA2F97CEAE3326BDD30A51E07E /* NewEducationTests.xctest */;
			productType = "com.apple.product-type.bundle.unit-test";
		};
		E9AF56FEBB63307C70F979EFF18594AD /* NewEducationUITests */ = {
			isa = PBXNativeTarget;
			buildConfigurationList = 78E04D891BB7DB44E50749D903725FAA /* Build configuration list for PBXNativeTarget "NewEducationUITests" */;
			buildPhases = (
				849513DC95A224C1A2638CA8828C4C22 /* Sources */,
				4C894505C2032FB14B040C79146542A6 /* Frameworks */,
				9F99733BD79978E2460A992C8B20CF6E /* Resources */,
			);
			buildRules = (
			);
			dependencies = (
				7054B0C23C9311D61316158AAF5861AD /* PBXTargetDependency */,
			);
			name = NewEducationUITests;
			productName = NewEducationUITests;
			productReference = 032D4E8C911E62E0440473C190FF2887 /* NewEducationUITests.xctest */;
			productType = "com.apple.product-type.bundle.ui-testing";
		};
		F02A53C62910BF46B96D6BB67966A834 /* NewEducation */ = {
			isa = PBXNativeTarget;
			buildConfigurationList = 36ED813F87FC0922073E7071FD89BBF3 /* Build configuration list for PBXNativeTarget "NewEducation" */;
			buildPhases = (
				7AECC94A327A33E0C25E1FE7412A31F3 /* [CP] Check Pods Manifest.lock */,
				1B4C111F5E021A155541E41F5BDCC48B /* Sources */,
				A6941D4757C390429DA032A90ED82EA8 /* Frameworks */,
				331B5FB7042325BF597010FC30011FD6 /* Resources */,
			);
			buildRules = (
			);
			dependencies = (
			);
			name = NewEducation;
			productName = NewEducation;
			productReference = 4BD98E662B11566C4D8387FDC3735F74 /* NewEducation.app */;
			productType = "com.apple.product-type.application";
		};
/* End PBXNativeTarget section */

/* Begin PBXProject section */
		3F55BAB7E1DCC2CF0AB09C2FAA007662 /* Project object */ = {
			isa = PBXProject;
			attributes = {
				LastSwiftUpdateCheck = 0930;
				LastUpgradeCheck = 0930;
				ORGANIZATIONNAME = nanhu;
				TargetAttributes = {
					CD1873ACA825FCE2820CA1BDDE14CFFD = {
						CreatedOnToolsVersion = 9.3;
						TestTargetID = F02A53C62910BF46B96D6BB67966A834;
					};
					E9AF56FEBB63307C70F979EFF18594AD = {
						CreatedOnToolsVersion = 9.3;
						TestTargetID = F02A53C62910BF46B96D6BB67966A834;
					};
					F02A53C62910BF46B96D6BB67966A834 = {
						CreatedOnToolsVersion = 9.3;
					};
				};
			};
			buildConfigurationList = 82C30FF7F8C62136CF79241936B58741 /* Build configuration list for PBXProject "NewEducation" */;
			compatibilityVersion = "Xcode 9.3";
			developmentRegion = en;
			hasScannedForEncodings = 0;
			knownRegions = (
				en,
				Base,
			);
			mainGroup = 5E4A23EDF9B6F7304197BF41CD135D92;
			productRefGroup = 72A9F94145B54E800A8DE12CF448461E /* Products */;
			projectDirPath = "";
			projectRoot = "";
			targets = (
				F02A53C62910BF46B96D6BB67966A834 /* NewEducation */,
				CD1873ACA825FCE2820CA1BDDE14CFFD /* NewEducationTests */,
				E9AF56FEBB63307C70F979EFF18594AD /* NewEducationUITests */,
			);
		};
/* End PBXProject section */

/* Begin PBXResourcesBuildPhase section */
		3230F77FE05417AF98D4E59D3633A89A /* Resources */ = {
			isa = PBXResourcesBuildPhase;
			buildActionMask = 2147483647;
			files = (
			);
			runOnlyForDeploymentPostprocessing = 0;
		};
		331B5FB7042325BF597010FC30011FD6 /* Resources */ = {
			isa = PBXResourcesBuildPhase;
			buildActionMask = 2147483647;
			files = (
				B8DC380CDAB3ECD53A5CB1C2F6B8DF75 /* Assets.xcassets in Resources */,
			);
			runOnlyForDeploymentPostprocessing = 0;
		};
		9F99733BD79978E2460A992C8B20CF6E /* Resources */ = {
			isa = PBXResourcesBuildPhase;
			buildActionMask = 2147483647;
			files = (
			);
			runOnlyForDeploymentPostprocessing = 0;
		};
/* End PBXResourcesBuildPhase section */

/* Begin PBXShellScriptBuildPhase section */
		7AECC94A327A33E0C25E1FE7412A31F3 /* [CP] Check Pods Manifest.lock */ = {
			isa = PBXShellScriptBuildPhase;
			buildActionMask = 2147483647;
			files = (
			);
			inputPaths = (
				"${PODS_PODFILE_DIR_PATH}/Podfile.lock",
				"${PODS_ROOT}/Manifest.lock",
			);
			name = "[CP] Check Pods Manifest.lock";
			outputPaths = (
				"$(DERIVED_FILE_DIR)/Pods-NewEducation-checkManifestLockResult.txt",
			);
			runOnlyForDeploymentPostprocessing = 0;
			shellPath = /bin/sh;
			shellScript = "diff \"${PODS_PODFILE_DIR_PATH}/Podfile.lock\" \"${PODS_ROOT}/Manifest.lock\" > /dev/null\nif [ $? != 0 ] ; then\n    # print error to STDERR\n    echo \"error: The sandbox is not in sync with the Podfile.lock. Run 'pod install' or update your CocoaPods installation.\" >&2\n    exit 1\nfi\n# This output is used by Xcode 'outputs' to avoid re-running this script phase.\necho \"SUCCESS\" > \"${SCRIPT_OUTPUT_FILE_0}\"\n";
			showEnvVarsInLog = 0;
		};
/* End PBXShellScriptBuildPhase section */

/* Begin PBXSourcesBuildPhase section */
		1B4C111F5E021A155541E41F5BDCC48B /* Sources */ = {
			isa = PBXSourcesBuildPhase;
			buildActionMask = 2147483647;
			files = (
				92DB24B3D32F8CC36B1AF399C9F3E98D /* AppDelegate.swift in Sources */,
				621A6FC6611EC73B563A8A5531B40FC3 /* Macros.swift in Sources */,
				D1027ECA6E6350730C47B6F8BC866269 /* SBHTTPService.swift in Sources */,
				17907CD632CC57CDC05BDDCBED084A60 /* VM.swift in Sources */,
				9519873E3440A6EE05EB4F6E2A578406 /* ViewController.swift in Sources */,
			);
			runOnlyForDeploymentPostprocessing = 0;
		};
		849513DC95A224C1A2638CA8828C4C22 /* Sources */ = {
			isa = PBXSourcesBuildPhase;
			buildActionMask = 2147483647;
			files = (
				866B96E6A930D36CF991402F6C20E38D /* NewEducationUITests.swift in Sources */,
			);
			runOnlyForDeploymentPostprocessing = 0;
		};
		CE75B394EED5CC94199F0DDE2C63173F /* Sources */ = {
			isa = PBXSourcesBuildPhase;
			buildActionMask = 2147483647;
			files = (
				5B9C3DC1C9826C17E5F80AC8AB6C4B35 /* NewEducationTests.swift in Sources */,
			);
			runOnlyForDeploymentPostprocessing = 0;
		};
/* End PBXSourcesBuildPhase section */

/* Begin PBXTargetDependency section */
		5CD8427EB611072144A2036E3398642D /* PBXTargetDependency */ = {
			isa = PBXTargetDependency;
			target = F02A53C62910BF46B96D6BB67966A834 /* NewEducation */;
			targetProxy = 2DC6F1333DCC2D138101C3457C06B6B4 /* PBXContainerItemProxy */;
		};
		7054B0C23C9311D61316158AAF5861AD /* PBXTargetDependency */ = {
			isa = PBXTargetDependency;
			target = F02A53C62910BF46B96D6BB67966A834 /* NewEducation */;
			targetProxy = B6862EF2D48833A88FFE3A8190FC4C73 /* PBXContainerItemProxy */;
		};
/* End PBXTargetDependency section */

/* Begin XCBuildConfiguration section */
		19B3632482C201697FCE98B0F65DDE77 /* Release */ = {
			isa = XCBuildConfiguration;
			baseConfigurationReference = 4E4F7F8B5AEB24208EF484597618E2D1 /* Pods-NewEducation.release.xcconfig */;
			buildSettings = {
				ASSETCATALOG_COMPILER_APPICON_NAME = AppIcon;
				ASSETCATALOG_COMPILER_LAUNCHIMAGE_NAME = LaunchImage;
				CODE_SIGN_STYLE = Automatic;
				DEVELOPMENT_TEAM = M8K6A7692X;
				GCC_PRECOMPILE_PREFIX_HEADER = YES;
				GCC_PREFIX_HEADER = $SRCROOT/NewEducation/Prefix.h;
				INFOPLIST_FILE = NewEducation/Info.plist;
				IPHONEOS_DEPLOYMENT_TARGET = 8.0;
				LD_RUNPATH_SEARCH_PATHS = (
					"$(inherited)",
					"@executable_path/Frameworks",
				);
				PRODUCT_BUNDLE_IDENTIFIER = com.landun.edu.NewEducation;
				PRODUCT_NAME = "$(TARGET_NAME)";
				SWIFT_VERSION = 4.0;
				TARGETED_DEVICE_FAMILY = "1,2";
			};
			name = Release;
		};
		38186A151AD784C787A3E0722217A70C /* Release */ = {
			isa = XCBuildConfiguration;
			buildSettings = {
				ALWAYS_EMBED_SWIFT_STANDARD_LIBRARIES = YES;
				CODE_SIGN_STYLE = Automatic;
				DEVELOPMENT_TEAM = M8K6A7692X;
				INFOPLIST_FILE = NewEducationUITests/Info.plist;
				LD_RUNPATH_SEARCH_PATHS = (
					"$(inherited)",
					"@executable_path/Frameworks",
					"@loader_path/Frameworks",
				);
				PRODUCT_BUNDLE_IDENTIFIER = com.landun.edu.NewEducationUITests;
				PRODUCT_NAME = "$(TARGET_NAME)";
				SWIFT_VERSION = 4.0;
				TARGETED_DEVICE_FAMILY = "1,2";
				TEST_TARGET_NAME = NewEducation;
			};
			name = Release;
		};
		54B296B6988E79F469DCA080DF10AAE3 /* Release */ = {
			isa = XCBuildConfiguration;
			buildSettings = {
				ALWAYS_EMBED_SWIFT_STANDARD_LIBRARIES = YES;
				BUNDLE_LOADER = "$(TEST_HOST)";
				CODE_SIGN_STYLE = Automatic;
				DEVELOPMENT_TEAM = M8K6A7692X;
				INFOPLIST_FILE = NewEducationTests/Info.plist;
				LD_RUNPATH_SEARCH_PATHS = (
					"$(inherited)",
					"@executable_path/Frameworks",
					"@loader_path/Frameworks",
				);
				PRODUCT_BUNDLE_IDENTIFIER = com.landun.edu.NewEducationTests;
				PRODUCT_NAME = "$(TARGET_NAME)";
				SWIFT_VERSION = 4.0;
				TARGETED_DEVICE_FAMILY = "1,2";
				TEST_HOST = "$(BUILT_PRODUCTS_DIR)/NewEducation.app/NewEducation";
			};
			name = Release;
		};
		59BA30133ED4ADDC85F7E6661B58A734 /* Debug */ = {
			isa = XCBuildConfiguration;
			buildSettings = {
				ALWAYS_SEARCH_USER_PATHS = NO;
				CLANG_ANALYZER_NONNULL = YES;
				CLANG_ANALYZER_NUMBER_OBJECT_CONVERSION = YES_AGGRESSIVE;
				CLANG_CXX_LANGUAGE_STANDARD = "gnu++14";
				CLANG_CXX_LIBRARY = "libc++";
				CLANG_ENABLE_MODULES = YES;
				CLANG_ENABLE_OBJC_ARC = YES;
				CLANG_ENABLE_OBJC_WEAK = YES;
				CLANG_WARN_BLOCK_CAPTURE_AUTORELEASING = YES;
				CLANG_WARN_BOOL_CONVERSION = YES;
				CLANG_WARN_COMMA = YES;
				CLANG_WARN_CONSTANT_CONVERSION = YES;
				CLANG_WARN_DEPRECATED_OBJC_IMPLEMENTATIONS = YES;
				CLANG_WARN_DIRECT_OBJC_ISA_USAGE = YES_ERROR;
				CLANG_WARN_DOCUMENTATION_COMMENTS = YES;
				CLANG_WARN_EMPTY_BODY = YES;
				CLANG_WARN_ENUM_CONVERSION = YES;
				CLANG_WARN_INFINITE_RECURSION = YES;
				CLANG_WARN_INT_CONVERSION = YES;
				CLANG_WARN_NON_LITERAL_NULL_CONVERSION = YES;
				CLANG_WARN_OBJC_IMPLICIT_RETAIN_SELF = YES;
				CLANG_WARN_OBJC_LITERAL_CONVERSION = YES;
				CLANG_WARN_OBJC_ROOT_CLASS = YES_ERROR;
				CLANG_WARN_RANGE_LOOP_ANALYSIS = YES;
				CLANG_WARN_STRICT_PROTOTYPES = YES;
				CLANG_WARN_SUSPICIOUS_MOVE = YES;
				CLANG_WARN_UNGUARDED_AVAILABILITY = YES_AGGRESSIVE;
				CLANG_WARN_UNREACHABLE_CODE = YES;
				CLANG_WARN__DUPLICATE_METHOD_MATCH = YES;
				CODE_SIGN_IDENTITY = "iPhone Developer";
				COPY_PHASE_STRIP = NO;
				DEBUG_INFORMATION_FORMAT = dwarf;
				ENABLE_STRICT_OBJC_MSGSEND = YES;
				ENABLE_TESTABILITY = YES;
				GCC_C_LANGUAGE_STANDARD = gnu11;
				GCC_DYNAMIC_NO_PIC = NO;
				GCC_NO_COMMON_BLOCKS = YES;
				GCC_OPTIMIZATION_LEVEL = 0;
				GCC_PREPROCESSOR_DEFINITIONS = (
					"DEBUG=1",
					"$(inherited)",
				);
				GCC_WARN_64_TO_32_BIT_CONVERSION = YES;
				GCC_WARN_ABOUT_RETURN_TYPE = YES_ERROR;
				GCC_WARN_UNDECLARED_SELECTOR = YES;
				GCC_WARN_UNINITIALIZED_AUTOS = YES_AGGRESSIVE;
				GCC_WARN_UNUSED_FUNCTION = YES;
				GCC_WARN_UNUSED_VARIABLE = YES;
				IPHONEOS_DEPLOYMENT_TARGET = 11.3;
				MTL_ENABLE_DEBUG_INFO = YES;
				ONLY_ACTIVE_ARCH = YES;
				SDKROOT = iphoneos;
				SWIFT_ACTIVE_COMPILATION_CONDITIONS = DEBUG;
				SWIFT_OPTIMIZATION_LEVEL = "-Onone";
			};
			name = Debug;
		};
		932CB038C4D676EB968D06BF1347E11E /* Debug */ = {
			isa = XCBuildConfiguration;
			buildSettings = {
				ALWAYS_EMBED_SWIFT_STANDARD_LIBRARIES = YES;
				BUNDLE_LOADER = "$(TEST_HOST)";
				CODE_SIGN_STYLE = Automatic;
				DEVELOPMENT_TEAM = M8K6A7692X;
				INFOPLIST_FILE = NewEducationTests/Info.plist;
				LD_RUNPATH_SEARCH_PATHS = (
					"$(inherited)",
					"@executable_path/Frameworks",
					"@loader_path/Frameworks",
				);
				PRODUCT_BUNDLE_IDENTIFIER = com.landun.edu.NewEducationTests;
				PRODUCT_NAME = "$(TARGET_NAME)";
				SWIFT_VERSION = 4.0;
				TARGETED_DEVICE_FAMILY = "1,2";
				TEST_HOST = "$(BUILT_PRODUCTS_DIR)/NewEducation.app/NewEducation";
			};
			name = Debug;
		};
		A2CAF73308B2AAC1C9837C709D9BC038 /* Release */ = {
			isa = XCBuildConfiguration;
			buildSettings = {
				ALWAYS_SEARCH_USER_PATHS = NO;
				CLANG_ANALYZER_NONNULL = YES;
				CLANG_ANALYZER_NUMBER_OBJECT_CONVERSION = YES_AGGRESSIVE;
				CLANG_CXX_LANGUAGE_STANDARD = "gnu++14";
				CLANG_CXX_LIBRARY = "libc++";
				CLANG_ENABLE_MODULES = YES;
				CLANG_ENABLE_OBJC_ARC = YES;
				CLANG_ENABLE_OBJC_WEAK = YES;
				CLANG_WARN_BLOCK_CAPTURE_AUTORELEASING = YES;
				CLANG_WARN_BOOL_CONVERSION = YES;
				CLANG_WARN_COMMA = YES;
				CLANG_WARN_CONSTANT_CONVERSION = YES;
				CLANG_WARN_DEPRECATED_OBJC_IMPLEMENTATIONS = YES;
				CLANG_WARN_DIRECT_OBJC_ISA_USAGE = YES_ERROR;
				CLANG_WARN_DOCUMENTATION_COMMENTS = YES;
				CLANG_WARN_EMPTY_BODY = YES;
				CLANG_WARN_ENUM_CONVERSION = YES;
				CLANG_WARN_INFINITE_RECURSION = YES;
				CLANG_WARN_INT_CONVERSION = YES;
				CLANG_WARN_NON_LITERAL_NULL_CONVERSION = YES;
				CLANG_WARN_OBJC_IMPLICIT_RETAIN_SELF = YES;
				CLANG_WARN_OBJC_LITERAL_CONVERSION = YES;
				CLANG_WARN_OBJC_ROOT_CLASS = YES_ERROR;
				CLANG_WARN_RANGE_LOOP_ANALYSIS = YES;
				CLANG_WARN_STRICT_PROTOTYPES = YES;
				CLANG_WARN_SUSPICIOUS_MOVE = YES;
				CLANG_WARN_UNGUARDED_AVAILABILITY = YES_AGGRESSIVE;
				CLANG_WARN_UNREACHABLE_CODE = YES;
				CLANG_WARN__DUPLICATE_METHOD_MATCH = YES;
				CODE_SIGN_IDENTITY = "iPhone Developer";
				COPY_PHASE_STRIP = NO;
				DEBUG_INFORMATION_FORMAT = "dwarf-with-dsym";
				ENABLE_NS_ASSERTIONS = NO;
				ENABLE_STRICT_OBJC_MSGSEND = YES;
				GCC_C_LANGUAGE_STANDARD = gnu11;
				GCC_NO_COMMON_BLOCKS = YES;
				GCC_WARN_64_TO_32_BIT_CONVERSION = YES;
				GCC_WARN_ABOUT_RETURN_TYPE = YES_ERROR;
				GCC_WARN_UNDECLARED_SELECTOR = YES;
				GCC_WARN_UNINITIALIZED_AUTOS = YES_AGGRESSIVE;
				GCC_WARN_UNUSED_FUNCTION = YES;
				GCC_WARN_UNUSED_VARIABLE = YES;
				IPHONEOS_DEPLOYMENT_TARGET = 11.3;
				MTL_ENABLE_DEBUG_INFO = NO;
				SDKROOT = iphoneos;
				SWIFT_COMPILATION_MODE = wholemodule;
				SWIFT_OPTIMIZATION_LEVEL = "-O";
				VALIDATE_PRODUCT = YES;
			};
			name = Release;
		};
		A4C2C232226A781669686F93057F3C32 /* Debug */ = {
			isa = XCBuildConfiguration;
			buildSettings = {
				ALWAYS_EMBED_SWIFT_STANDARD_LIBRARIES = YES;
				CODE_SIGN_STYLE = Automatic;
				DEVELOPMENT_TEAM = M8K6A7692X;
				INFOPLIST_FILE = NewEducationUITests/Info.plist;
				LD_RUNPATH_SEARCH_PATHS = (
					"$(inherited)",
					"@executable_path/Frameworks",
					"@loader_path/Frameworks",
				);
				PRODUCT_BUNDLE_IDENTIFIER = com.landun.edu.NewEducationUITests;
				PRODUCT_NAME = "$(TARGET_NAME)";
				SWIFT_VERSION = 4.0;
				TARGETED_DEVICE_FAMILY = "1,2";
				TEST_TARGET_NAME = NewEducation;
			};
			name = Debug;
		};
		D57C15159653AE8EF3F956791BB63BC5 /* Debug */ = {
			isa = XCBuildConfiguration;
			baseConfigurationReference = 32470FA87579ACC5B2E882BB84DAFC19 /* Pods-NewEducation.debug.xcconfig */;
			buildSettings = {
				ASSETCATALOG_COMPILER_APPICON_NAME = AppIcon;
				ASSETCATALOG_COMPILER_LAUNCHIMAGE_NAME = LaunchImage;
				CODE_SIGN_STYLE = Automatic;
				DEVELOPMENT_TEAM = M8K6A7692X;
				GCC_PRECOMPILE_PREFIX_HEADER = YES;
				GCC_PREFIX_HEADER = $SRCROOT/NewEducation/Prefix.h;
				INFOPLIST_FILE = NewEducation/Info.plist;
				IPHONEOS_DEPLOYMENT_TARGET = 8.0;
				LD_RUNPATH_SEARCH_PATHS = (
					"$(inherited)",
					"@executable_path/Frameworks",
				);
				PRODUCT_BUNDLE_IDENTIFIER = com.landun.edu.NewEducation;
				PRODUCT_NAME = "$(TARGET_NAME)";
				SWIFT_VERSION = 4.0;
				TARGETED_DEVICE_FAMILY = "1,2";
			};
			name = Debug;
		};
/* End XCBuildConfiguration section */

/* Begin XCConfigurationList section */
		36ED813F87FC0922073E7071FD89BBF3 /* Build configuration list for PBXNativeTarget "NewEducation" */ = {
			isa = XCConfigurationList;
			buildConfigurations = (
				D57C15159653AE8EF3F956791BB63BC5 /* Debug */,
				19B3632482C201697FCE98B0F65DDE77 /* Release */,
			);
			defaultConfigurationIsVisible = 0;
			defaultConfigurationName = Release;
		};
		3C3E7C3783F777BC5F4796C3EBB9F107 /* Build configuration list for PBXNativeTarget "NewEducationTests" */ = {
			isa = XCConfigurationList;
			buildConfigurations = (
				932CB038C4D676EB968D06BF1347E11E /* Debug */,
				54B296B6988E79F469DCA080DF10AAE3 /* Release */,
			);
			defaultConfigurationIsVisible = 0;
			defaultConfigurationName = Release;
		};
		78E04D891BB7DB44E50749D903725FAA /* Build configuration list for PBXNativeTarget "NewEducationUITests" */ = {
			isa = XCConfigurationList;
			buildConfigurations = (
				A4C2C232226A781669686F93057F3C32 /* Debug */,
				38186A151AD784C787A3E0722217A70C /* Release */,
			);
			defaultConfigurationIsVisible = 0;
			defaultConfigurationName = Release;
		};
		82C30FF7F8C62136CF79241936B58741 /* Build configuration list for PBXProject "NewEducation" */ = {
			isa = XCConfigurationList;
			buildConfigurations = (
				59BA30133ED4ADDC85F7E6661B58A734 /* Debug */,
				A2CAF73308B2AAC1C9837C709D9BC038 /* Release */,
			);
			defaultConfigurationIsVisible = 0;
			defaultConfigurationName = Release;
		};
/* End XCConfigurationList section */
	};
	rootObject = 3F55BAB7E1DCC2CF0AB09C2FAA007662 /* Project object */;
}
